
Microsoft Visual Studio Solution File, Format Version 12.00
# Visual Studio Version 17
VisualStudioVersion = 17.3.32901.215
MinimumVisualStudioVersion = 10.0.40219.1
Project("{9A19103F-16F7-4668-BE54-9A1E7A4F7556}") = "CoolatyMVC", "CoolatyMVC\CoolatyMVC.csproj", "{BD899C99-313B-4111-9C7C-9585D359EAB5}"
EndProject
Project("{9A19103F-16F7-4668-BE54-9A1E7A4F7556}") = "CoolatyMVC.Data", "CoolatyMVC.DataAccess\CoolatyMVC.Data.csproj", "{64A8A7CF-DDCC-4BAC-AD45-56131FD148E5}"
EndProject
Project("{9A19103F-16F7-4668-BE54-9A1E7A4F7556}") = "CoolatyMVC.Services", "CoolatyMVC.Services\CoolatyMVC.Services.csproj", "{88C1C01E-29CF-4DB9-B89B-3FB88338C6B9}"
EndProject
Project("{9A19103F-16F7-4668-BE54-9A1E7A4F7556}") = "CoolatyMVC.Models", "CoolatyMVC.Models\CoolatyMVC.Models.csproj", "{47FF001E-7042-4C7B-9212-3E614F8DEF95}"
EndProject
Global
	GlobalSection(SolutionConfigurationPlatforms) = preSolution
		Debug|Any CPU = Debug|Any CPU
		Release|Any CPU = Release|Any CPU
	EndGlobalSection
	GlobalSection(ProjectConfigurationPlatforms) = postSolution
		{BD899C99-313B-4111-9C7C-9585D359EAB5}.Debug|Any CPU.ActiveCfg = Debug|Any CPU
		{BD899C99-313B-4111-9C7C-9585D359EAB5}.Debug|Any CPU.Build.0 = Debug|Any CPU
		{BD899C99-313B-4111-9C7C-9585D359EAB5}.Release|Any CPU.ActiveCfg = Release|Any CPU
		{BD899C99-313B-4111-9C7C-9585D359EAB5}.Release|Any CPU.Build.0 = Release|Any CPU
		{64A8A7CF-DDCC-4BAC-AD45-56131FD148E5}.Debug|Any CPU.ActiveCfg = Debug|Any CPU
		{64A8A7CF-DDCC-4BAC-AD45-56131FD148E5}.Debug|Any CPU.Build.0 = Debug|Any CPU
		{64A8A7CF-DDCC-4BAC-AD45-56131FD148E5}.Release|Any CPU.ActiveCfg = Release|Any CPU
		{64A8A7CF-DDCC-4BAC-AD45-56131FD148E5}.Release|Any CPU.Build.0 = Release|Any CPU
		{88C1C01E-29CF-4DB9-B89B-3FB88338C6B9}.Debug|Any CPU.ActiveCfg = Debug|Any CPU
		{88C1C01E-29CF-4DB9-B89B-3FB88338C6B9}.Debug|Any CPU.Build.0 = Debug|Any CPU
		{88C1C01E-29CF-4DB9-B89B-3FB88338C6B9}.Release|Any CPU.ActiveCfg = Release|Any CPU
		{88C1C01E-29CF-4DB9-B89B-3FB88338C6B9}.Release|Any CPU.Build.0 = Release|Any CPU
		{47FF001E-7042-4C7B-9212-3E614F8DEF95}.Debug|Any CPU.ActiveCfg = Debug|Any CPU
		{47FF001E-7042-4C7B-9212-3E614F8DEF95}.Debug|Any CPU.Build.0 = Debug|Any CPU
		{47FF001E-7042-4C7B-9212-3E614F8DEF95}.Release|Any CPU.ActiveCfg = Release|Any CPU
		{47FF001E-7042-4C7B-9212-3E614F8DEF95}.Release|Any CPU.Build.0 = Release|Any CPU
	EndGlobalSection
	GlobalSection(SolutionProperties) = preSolution
		HideSolutionNode = FALSE
	EndGlobalSection
	GlobalSection(ExtensibilityGlobals) = postSolution
		SolutionGuid = {EF64B9F9-955E-49AA-AA7B-A838CA1C70AD}
	EndGlobalSection
EndGlobal
